
Microsoft Visual Studio Solution File, Format Version 12.00
# Visual Studio Version 17
VisualStudioVersion = 17.9.34728.123
MinimumVisualStudioVersion = 10.0.40219.1
Project("{FAE04EC0-301F-11D3-BF4B-00C04F79EFBC}") = "Test.AES", "Test.AES\Test.AES.csproj", "{8F234AB5-14B3-4861-A885-EAC7AD0320E7}"
EndProject
Global
	GlobalSection(SolutionConfigurationPlatforms) = preSolution
		Debug|Any CPU = Debug|Any CPU
		Release|Any CPU = Release|Any CPU
	EndGlobalSection
	GlobalSection(ProjectConfigurationPlatforms) = postSolution
		{8F234AB5-14B3-4861-A885-EAC7AD0320E7}.Debug|Any CPU.ActiveCfg = Debug|Any CPU
		{8F234AB5-14B3-4861-A885-EAC7AD0320E7}.Debug|Any CPU.Build.0 = Debug|Any CPU
		{8F234AB5-14B3-4861-A885-EAC7AD0320E7}.Release|Any CPU.ActiveCfg = Release|Any CPU
		{8F234AB5-14B3-4861-A885-EAC7AD0320E7}.Release|Any CPU.Build.0 = Release|Any CPU
	EndGlobalSection
	GlobalSection(SolutionProperties) = preSolution
		HideSolutionNode = FALSE
	EndGlobalSection
	GlobalSection(ExtensibilityGlobals) = postSolution
		SolutionGuid = {EA1A78FB-7241-4A58-BD0E-C3A095748CA6}
	EndGlobalSection
EndGlobal
